{
    "format_version": "0.2",
    "terraform_version": "1.0.2",
    "planned_values": {
        "root_module": {
            "resources": [
                {
                    "address": "aws_iam_policy.example",
                    "mode": "managed",
                    "type": "aws_iam_policy",
                    "name": "example",
                    "provider_name": "registry.terraform.io/hashicorp/aws",
                    "schema_version": 0,
                    "values": {
                        "description": null,
                        "name": "example_policy",
                        "name_prefix": null,
                        "path": "/",
                        "policy": "{\n    \"Version\": \"2012-10-17\",\n    \"Statement\": [\n        {\n            \"Sid\": \"AllowAllS3Access\",\n            \"Effect\": \"Allow\",\n            \"Action\": [\n                \"s3:*\"\n            ],\n            \"Resource\": [\n                \"arn:aws:s3:::my-test-bucket\",\n                \"arn:aws:s3:::my-test-bucket/*\"\n            ]\n        }\n    ]\n}",
                        "tags": null
                    },
                    "sensitive_values": {
                        "tags_all": {}
                    }
                },
                {
                    "address": "aws_s3_bucket.test_bucket",
                    "mode": "managed",
                    "type": "aws_s3_bucket",
                    "name": "test_bucket",
                    "provider_name": "registry.terraform.io/hashicorp/aws",
                    "schema_version": 0,
                    "values": {
                        "acl": "private",
                        "bucket": "my-test-bucket",
                        "bucket_prefix": null,
                        "cors_rule": [],
                        "force_destroy": false,
                        "grant": [],
                        "lifecycle_rule": [],
                        "logging": [],
                        "object_lock_configuration": [],
                        "policy": null,
                        "replication_configuration": [],
                        "server_side_encryption_configuration": [],
                        "tags": null,
                        "website": []
                    },
                    "sensitive_values": {
                        "cors_rule": [],
                        "grant": [],
                        "lifecycle_rule": [],
                        "logging": [],
                        "object_lock_configuration": [],
                        "replication_configuration": [],
                        "server_side_encryption_configuration": [],
                        "tags_all": {},
                        "versioning": [],
                        "website": []
                    }
                }
            ]
        }
    },
    "resource_changes": [
        {
            "address": "aws_iam_policy.example",
            "mode": "managed",
            "type": "aws_iam_policy",
            "name": "example",
            "provider_name": "registry.terraform.io/hashicorp/aws",
            "change": {
                "actions": [
                    "create"
                ],
                "before": null,
                "after": {
                    "description": null,
                    "name": "example_policy",
                    "name_prefix": null,
                    "path": "/",
                    "policy": "{\n    \"Version\": \"2012-10-17\",\n    \"Statement\": [\n        {\n            \"Sid\": \"AllowAllS3Access\",\n            \"Effect\": \"Allow\",\n            \"Action\": [\n                \"s3:*\"\n            ],\n            \"Resource\": [\n                \"arn:aws:s3:::my-test-bucket\",\n                \"arn:aws:s3:::my-test-bucket/*\"\n            ]\n        }\n    ]\n}",
                    "tags": null
                },
                "after_unknown": {
                    "arn": true,
                    "id": true,
                    "policy_id": true,
                    "tags_all": true
                },
                "before_sensitive": false,
                "after_sensitive": {
                    "tags_all": {}
                }
            }
        },
        {
            "address": "aws_s3_bucket.test_bucket",
            "mode": "managed",
            "type": "aws_s3_bucket",
            "name": "test_bucket",
            "provider_name": "registry.terraform.io/hashicorp/aws",
            "change": {
                "actions": [
                    "create"
                ],
                "before": null,
                "after": {
                    "acl": "private",
                    "bucket": "my-test-bucket",
                    "bucket_prefix": null,
                    "cors_rule": [],
                    "force_destroy": false,
                    "grant": [],
                    "lifecycle_rule": [],
                    "logging": [],
                    "object_lock_configuration": [],
                    "policy": null,
                    "replication_configuration": [],
                    "server_side_encryption_configuration": [],
                    "tags": null,
                    "website": []
                },
                "after_unknown": {
                    "acceleration_status": true,
                    "arn": true,
                    "bucket_domain_name": true,
                    "bucket_regional_domain_name": true,
                    "cors_rule": [],
                    "grant": [],
                    "hosted_zone_id": true,
                    "id": true,
                    "lifecycle_rule": [],
                    "logging": [],
                    "object_lock_configuration": [],
                    "region": true,
                    "replication_configuration": [],
                    "request_payer": true,
                    "server_side_encryption_configuration": [],
                    "tags_all": true,
                    "versioning": true,
                    "website": [],
                    "website_domain": true,
                    "website_endpoint": true
                },
                "before_sensitive": false,
                "after_sensitive": {
                    "cors_rule": [],
                    "grant": [],
                    "lifecycle_rule": [],
                    "logging": [],
                    "object_lock_configuration": [],
                    "replication_configuration": [],
                    "server_side_encryption_configuration": [],
                    "tags_all": {},
                    "versioning": [],
                    "website": []
                }
            }
        }
    ],
    "configuration": {
        "provider_config": {
            "aws": {
                "name": "aws",
                "version_constraint": "~> 3.0",
                "expressions": {
                    "region": {
                        "constant_value": "us-east-1"
                    }
                }
            }
        },
        "root_module": {
            "resources": [
                {
                    "address": "aws_iam_policy.example",
                    "mode": "managed",
                    "type": "aws_iam_policy",
                    "name": "example",
                    "provider_config_key": "aws",
                    "expressions": {
                        "name": {
                            "constant_value": "example_policy"
                        },
                        "policy": {
                            "references": [
                                "path.module"
                            ]
                        }
                    },
                    "schema_version": 0
                },
                {
                    "address": "aws_s3_bucket.test_bucket",
                    "mode": "managed",
                    "type": "aws_s3_bucket",
                    "name": "test_bucket",
                    "provider_config_key": "aws",
                    "expressions": {
                        "bucket": {
                            "constant_value": "my-test-bucket"
                        }
                    },
                    "schema_version": 0
                }
            ]
        }
    }
}