{
    "format_version": "0.2",
    "terraform_version": "1.0.2",
    "planned_values": {
        "root_module": {
            "resources": [
                {
                    "address": "aws_iam_policy.example",
                    "mode": "managed",
                    "type": "aws_iam_policy",
                    "name": "example",
                    "provider_name": "registry.terraform.io/hashicorp/aws",
                    "schema_version": 0,
                    "values": {
                        "description": null,
                        "name": "example_policy",
                        "name_prefix": null,
                        "path": "/",
                        "tags": null
                    },
                    "sensitive_values": {
                        "tags_all": {}
                    }
                },
                {
                    "address": "aws_s3_bucket.test_bucket",
                    "mode": "managed",
                    "type": "aws_s3_bucket",
                    "name": "test_bucket",
                    "provider_name": "registry.terraform.io/hashicorp/aws",
                    "schema_version": 0,
                    "values": {
                        "acl": "private",
                        "bucket": "my-test-bucket",
                        "bucket_prefix": null,
                        "cors_rule": [],
                        "force_destroy": false,
                        "grant": [],
                        "lifecycle_rule": [],
                        "logging": [],
                        "object_lock_configuration": [],
                        "policy": null,
                        "replication_configuration": [],
                        "server_side_encryption_configuration": [],
                        "tags": null,
                        "website": []
                    },
                    "sensitive_values": {
                        "cors_rule": [],
                        "grant": [],
                        "lifecycle_rule": [],
                        "logging": [],
                        "object_lock_configuration": [],
                        "replication_configuration": [],
                        "server_side_encryption_configuration": [],
                        "tags_all": {},
                        "versioning": [],
                        "website": []
                    }
                },
                {
                    "address": "data.aws_iam_policy_document.example_policy_document",
                    "mode": "data",
                    "type": "aws_iam_policy_document",
                    "name": "example_policy_document",
                    "provider_name": "registry.terraform.io/hashicorp/aws",
                    "schema_version": 0,
                    "values": {
                        "override_json": null,
                        "override_policy_documents": null,
                        "policy_id": null,
                        "source_json": null,
                        "source_policy_documents": null,
                        "statement": [
                            {
                                "actions": [
                                    "s3:*"
                                ],
                                "condition": [],
                                "effect": null,
                                "not_actions": null,
                                "not_principals": [],
                                "not_resources": null,
                                "principals": [],
                                "resources": [],
                                "sid": null
                            }
                        ],
                        "version": null
                    },
                    "sensitive_values": {
                        "statement": [
                            {
                                "actions": [
                                    false
                                ],
                                "condition": [],
                                "not_principals": [],
                                "principals": [],
                                "resources": [
                                    false,
                                    false
                                ]
                            }
                        ]
                    }
                }
            ]
        }
    },
    "resource_changes": [
        {
            "address": "aws_iam_policy.example",
            "mode": "managed",
            "type": "aws_iam_policy",
            "name": "example",
            "provider_name": "registry.terraform.io/hashicorp/aws",
            "change": {
                "actions": [
                    "create"
                ],
                "before": null,
                "after": {
                    "description": null,
                    "name": "example_policy",
                    "name_prefix": null,
                    "path": "/",
                    "tags": null
                },
                "after_unknown": {
                    "arn": true,
                    "id": true,
                    "policy": true,
                    "policy_id": true,
                    "tags_all": true
                },
                "before_sensitive": false,
                "after_sensitive": {
                    "tags_all": {}
                }
            }
        },
        {
            "address": "aws_s3_bucket.test_bucket",
            "mode": "managed",
            "type": "aws_s3_bucket",
            "name": "test_bucket",
            "provider_name": "registry.terraform.io/hashicorp/aws",
            "change": {
                "actions": [
                    "create"
                ],
                "before": null,
                "after": {
                    "acl": "private",
                    "bucket": "my-test-bucket",
                    "bucket_prefix": null,
                    "cors_rule": [],
                    "force_destroy": false,
                    "grant": [],
                    "lifecycle_rule": [],
                    "logging": [],
                    "object_lock_configuration": [],
                    "policy": null,
                    "replication_configuration": [],
                    "server_side_encryption_configuration": [],
                    "tags": null,
                    "website": []
                },
                "after_unknown": {
                    "acceleration_status": true,
                    "arn": true,
                    "bucket_domain_name": true,
                    "bucket_regional_domain_name": true,
                    "cors_rule": [],
                    "grant": [],
                    "hosted_zone_id": true,
                    "id": true,
                    "lifecycle_rule": [],
                    "logging": [],
                    "object_lock_configuration": [],
                    "region": true,
                    "replication_configuration": [],
                    "request_payer": true,
                    "server_side_encryption_configuration": [],
                    "tags_all": true,
                    "versioning": true,
                    "website": [],
                    "website_domain": true,
                    "website_endpoint": true
                },
                "before_sensitive": false,
                "after_sensitive": {
                    "cors_rule": [],
                    "grant": [],
                    "lifecycle_rule": [],
                    "logging": [],
                    "object_lock_configuration": [],
                    "replication_configuration": [],
                    "server_side_encryption_configuration": [],
                    "tags_all": {},
                    "versioning": [],
                    "website": []
                }
            }
        },
        {
            "address": "data.aws_iam_policy_document.example_policy_document",
            "mode": "data",
            "type": "aws_iam_policy_document",
            "name": "example_policy_document",
            "provider_name": "registry.terraform.io/hashicorp/aws",
            "change": {
                "actions": [
                    "read"
                ],
                "before": null,
                "after": {
                    "override_json": null,
                    "override_policy_documents": null,
                    "policy_id": null,
                    "source_json": null,
                    "source_policy_documents": null,
                    "statement": [
                        {
                            "actions": [
                                "s3:*"
                            ],
                            "condition": [],
                            "effect": null,
                            "not_actions": null,
                            "not_principals": [],
                            "not_resources": null,
                            "principals": [],
                            "resources": [],
                            "sid": null
                        }
                    ],
                    "version": null
                },
                "after_unknown": {
                    "id": true,
                    "json": true,
                    "statement": [
                        {
                            "actions": [
                                false
                            ],
                            "condition": [],
                            "not_principals": [],
                            "principals": [],
                            "resources": [
                                true,
                                true
                            ]
                        }
                    ]
                },
                "before_sensitive": false,
                "after_sensitive": {
                    "statement": [
                        {
                            "actions": [
                                false
                            ],
                            "condition": [],
                            "not_principals": [],
                            "principals": [],
                            "resources": [
                                false,
                                false
                            ]
                        }
                    ]
                }
            }
        }
    ],
    "configuration": {
        "provider_config": {
            "aws": {
                "name": "aws",
                "version_constraint": "~> 3.0",
                "expressions": {
                    "region": {
                        "constant_value": "us-east-1"
                    }
                }
            }
        },
        "root_module": {
            "resources": [
                {
                    "address": "aws_iam_policy.example",
                    "mode": "managed",
                    "type": "aws_iam_policy",
                    "name": "example",
                    "provider_config_key": "aws",
                    "expressions": {
                        "name": {
                            "constant_value": "example_policy"
                        },
                        "policy": {
                            "references": [
                                "data.aws_iam_policy_document.example_policy_document.json",
                                "data.aws_iam_policy_document.example_policy_document"
                            ]
                        }
                    },
                    "schema_version": 0
                },
                {
                    "address": "aws_s3_bucket.test_bucket",
                    "mode": "managed",
                    "type": "aws_s3_bucket",
                    "name": "test_bucket",
                    "provider_config_key": "aws",
                    "expressions": {
                        "bucket": {
                            "constant_value": "my-test-bucket"
                        }
                    },
                    "schema_version": 0
                },
                {
                    "address": "data.aws_iam_policy_document.example_policy_document",
                    "mode": "data",
                    "type": "aws_iam_policy_document",
                    "name": "example_policy_document",
                    "provider_config_key": "aws",
                    "expressions": {
                        "statement": [
                            {
                                "actions": {
                                    "constant_value": [
                                        "s3:*"
                                    ]
                                },
                                "resources": {
                                    "references": [
                                        "aws_s3_bucket.test_bucket.arn",
                                        "aws_s3_bucket.test_bucket",
                                        "aws_s3_bucket.test_bucket.arn",
                                        "aws_s3_bucket.test_bucket"
                                    ]
                                }
                            }
                        ]
                    },
                    "schema_version": 0
                }
            ]
        }
    }
}